
Microsoft Visual Studio Solution File, Format Version 12.00
# Visual Studio Version 16
VisualStudioVersion = 16.0.31005.135
MinimumVisualStudioVersion = 10.0.40219.1
Project("{9A19103F-16F7-4668-BE54-9A1E7A4F7556}") = "API", "API\API.csproj", "{670DC95C-6815-497F-AFC5-9349156E79D2}"
EndProject
Project("{00D1A9C2-B5F0-4AF3-8072-F6C62B433612}") = "GoogleTFA.DB", "GoogleTFA.DB\GoogleTFA.DB.sqlproj", "{3311B2DF-8957-4FF2-928D-C12D54992D03}"
EndProject
Global
	GlobalSection(SolutionConfigurationPlatforms) = preSolution
		Debug|Any CPU = Debug|Any CPU
		Release|Any CPU = Release|Any CPU
	EndGlobalSection
	GlobalSection(ProjectConfigurationPlatforms) = postSolution
		{670DC95C-6815-497F-AFC5-9349156E79D2}.Debug|Any CPU.ActiveCfg = Debug|Any CPU
		{670DC95C-6815-497F-AFC5-9349156E79D2}.Debug|Any CPU.Build.0 = Debug|Any CPU
		{670DC95C-6815-497F-AFC5-9349156E79D2}.Release|Any CPU.ActiveCfg = Release|Any CPU
		{670DC95C-6815-497F-AFC5-9349156E79D2}.Release|Any CPU.Build.0 = Release|Any CPU
		{3311B2DF-8957-4FF2-928D-C12D54992D03}.Debug|Any CPU.ActiveCfg = Debug|Any CPU
		{3311B2DF-8957-4FF2-928D-C12D54992D03}.Debug|Any CPU.Build.0 = Debug|Any CPU
		{3311B2DF-8957-4FF2-928D-C12D54992D03}.Debug|Any CPU.Deploy.0 = Debug|Any CPU
		{3311B2DF-8957-4FF2-928D-C12D54992D03}.Release|Any CPU.ActiveCfg = Release|Any CPU
		{3311B2DF-8957-4FF2-928D-C12D54992D03}.Release|Any CPU.Build.0 = Release|Any CPU
		{3311B2DF-8957-4FF2-928D-C12D54992D03}.Release|Any CPU.Deploy.0 = Release|Any CPU
	EndGlobalSection
	GlobalSection(SolutionProperties) = preSolution
		HideSolutionNode = FALSE
	EndGlobalSection
	GlobalSection(ExtensibilityGlobals) = postSolution
		SolutionGuid = {AD2BAD1F-2C0A-4D8B-9FB0-3DE1AFE86891}
	EndGlobalSection
EndGlobal
